
Microsoft Visual Studio Solution File, Format Version 12.00
# Visual Studio 14
VisualStudioVersion = 14.0.25420.1
MinimumVisualStudioVersion = 10.0.40219.1
Project("{FAE04EC0-301F-11D3-BF4B-00C04F79EFBC}") = "XamarinWeather", "XamarinWeather\XamarinWeather\XamarinWeather.csproj", "{F468ADEE-6312-4CB6-A61A-9214C4295593}"
EndProject
Project("{FAE04EC0-301F-11D3-BF4B-00C04F79EFBC}") = "XamarinWeather.Droid", "XamarinWeather\XamarinWeather.Droid\XamarinWeather.Droid.csproj", "{F02112F6-85B2-437C-BC2B-4250F399DB74}"
EndProject
Project("{FAE04EC0-301F-11D3-BF4B-00C04F79EFBC}") = "XamarinWeather.iOS", "XamarinWeather\XamarinWeather.iOS\XamarinWeather.iOS.csproj", "{41308858-AC47-4284-AFF8-8712448F3B78}"
EndProject
Project("{FAE04EC0-301F-11D3-BF4B-00C04F79EFBC}") = "XamarinWeather.WinPhone", "XamarinWeather\XamarinWeather.WinPhone\XamarinWeather.WinPhone.csproj", "{F51405A7-6509-4F7E-BD94-0D83E3B07277}"
EndProject
Project("{FAE04EC0-301F-11D3-BF4B-00C04F79EFBC}") = "XamarinWeather.UWP", "XamarinWeather\XamarinWeather.UWP\XamarinWeather.UWP.csproj", "{040C6B88-E964-4CC5-BAA6-6B4D30B6287F}"
EndProject
Project("{FAE04EC0-301F-11D3-BF4B-00C04F79EFBC}") = "XamarinWeather.Windows", "XamarinWeather\XamarinWeather.Windows\XamarinWeather.Windows.csproj", "{BE790416-A553-41CF-91F4-0FC304FF8041}"
EndProject
Global
	GlobalSection(SolutionConfigurationPlatforms) = preSolution
		Ad-Hoc|Any CPU = Ad-Hoc|Any CPU
		Ad-Hoc|ARM = Ad-Hoc|ARM
		Ad-Hoc|iPhone = Ad-Hoc|iPhone
		Ad-Hoc|iPhoneSimulator = Ad-Hoc|iPhoneSimulator
		Ad-Hoc|x64 = Ad-Hoc|x64
		Ad-Hoc|x86 = Ad-Hoc|x86
		AppStore|Any CPU = AppStore|Any CPU
		AppStore|ARM = AppStore|ARM
		AppStore|iPhone = AppStore|iPhone
		AppStore|iPhoneSimulator = AppStore|iPhoneSimulator
		AppStore|x64 = AppStore|x64
		AppStore|x86 = AppStore|x86
		Debug|Any CPU = Debug|Any CPU
		Debug|ARM = Debug|ARM
		Debug|iPhone = Debug|iPhone
		Debug|iPhoneSimulator = Debug|iPhoneSimulator
		Debug|x64 = Debug|x64
		Debug|x86 = Debug|x86
		Release|Any CPU = Release|Any CPU
		Release|ARM = Release|ARM
		Release|iPhone = Release|iPhone
		Release|iPhoneSimulator = Release|iPhoneSimulator
		Release|x64 = Release|x64
		Release|x86 = Release|x86
	EndGlobalSection
	GlobalSection(ProjectConfigurationPlatforms) = postSolution
		{F468ADEE-6312-4CB6-A61A-9214C4295593}.Ad-Hoc|Any CPU.ActiveCfg = Release|Any CPU
		{F468ADEE-6312-4CB6-A61A-9214C4295593}.Ad-Hoc|Any CPU.Build.0 = Release|Any CPU
		{F468ADEE-6312-4CB6-A61A-9214C4295593}.Ad-Hoc|ARM.ActiveCfg = Release|Any CPU
		{F468ADEE-6312-4CB6-A61A-9214C4295593}.Ad-Hoc|ARM.Build.0 = Release|Any CPU
		{F468ADEE-6312-4CB6-A61A-9214C4295593}.Ad-Hoc|iPhone.ActiveCfg = Release|Any CPU
		{F468ADEE-6312-4CB6-A61A-9214C4295593}.Ad-Hoc|iPhone.Build.0 = Release|Any CPU
		{F468ADEE-6312-4CB6-A61A-9214C4295593}.Ad-Hoc|iPhoneSimulator.ActiveCfg = Release|Any CPU
		{F468ADEE-6312-4CB6-A61A-9214C4295593}.Ad-Hoc|iPhoneSimulator.Build.0 = Release|Any CPU
		{F468ADEE-6312-4CB6-A61A-9214C4295593}.Ad-Hoc|x64.ActiveCfg = Release|Any CPU
		{F468ADEE-6312-4CB6-A61A-9214C4295593}.Ad-Hoc|x64.Build.0 = Release|Any CPU
		{F468ADEE-6312-4CB6-A61A-9214C4295593}.Ad-Hoc|x86.ActiveCfg = Release|Any CPU
		{F468ADEE-6312-4CB6-A61A-9214C4295593}.Ad-Hoc|x86.Build.0 = Release|Any CPU
		{F468ADEE-6312-4CB6-A61A-9214C4295593}.AppStore|Any CPU.ActiveCfg = Release|Any CPU
		{F468ADEE-6312-4CB6-A61A-9214C4295593}.AppStore|Any CPU.Build.0 = Release|Any CPU
		{F468ADEE-6312-4CB6-A61A-9214C4295593}.AppStore|ARM.ActiveCfg = Release|Any CPU
		{F468ADEE-6312-4CB6-A61A-9214C4295593}.AppStore|ARM.Build.0 = Release|Any CPU
		{F468ADEE-6312-4CB6-A61A-9214C4295593}.AppStore|iPhone.ActiveCfg = Release|Any CPU
		{F468ADEE-6312-4CB6-A61A-9214C4295593}.AppStore|iPhone.Build.0 = Release|Any CPU
		{F468ADEE-6312-4CB6-A61A-9214C4295593}.AppStore|iPhoneSimulator.ActiveCfg = Release|Any CPU
		{F468ADEE-6312-4CB6-A61A-9214C4295593}.AppStore|iPhoneSimulator.Build.0 = Release|Any CPU
		{F468ADEE-6312-4CB6-A61A-9214C4295593}.AppStore|x64.ActiveCfg = Release|Any CPU
		{F468ADEE-6312-4CB6-A61A-9214C4295593}.AppStore|x64.Build.0 = Release|Any CPU
		{F468ADEE-6312-4CB6-A61A-9214C4295593}.AppStore|x86.ActiveCfg = Release|Any CPU
		{F468ADEE-6312-4CB6-A61A-9214C4295593}.AppStore|x86.Build.0 = Release|Any CPU
		{F468ADEE-6312-4CB6-A61A-9214C4295593}.Debug|Any CPU.ActiveCfg = Debug|Any CPU
		{F468ADEE-6312-4CB6-A61A-9214C4295593}.Debug|Any CPU.Build.0 = Debug|Any CPU
		{F468ADEE-6312-4CB6-A61A-9214C4295593}.Debug|ARM.ActiveCfg = Debug|Any CPU
		{F468ADEE-6312-4CB6-A61A-9214C4295593}.Debug|ARM.Build.0 = Debug|Any CPU
		{F468ADEE-6312-4CB6-A61A-9214C4295593}.Debug|iPhone.ActiveCfg = Debug|Any CPU
		{F468ADEE-6312-4CB6-A61A-9214C4295593}.Debug|iPhone.Build.0 = Debug|Any CPU
		{F468ADEE-6312-4CB6-A61A-9214C4295593}.Debug|iPhoneSimulator.ActiveCfg = Debug|Any CPU
		{F468ADEE-6312-4CB6-A61A-9214C4295593}.Debug|iPhoneSimulator.Build.0 = Debug|Any CPU
		{F468ADEE-6312-4CB6-A61A-9214C4295593}.Debug|x64.ActiveCfg = Debug|Any CPU
		{F468ADEE-6312-4CB6-A61A-9214C4295593}.Debug|x64.Build.0 = Debug|Any CPU
		{F468ADEE-6312-4CB6-A61A-9214C4295593}.Debug|x86.ActiveCfg = Debug|Any CPU
		{F468ADEE-6312-4CB6-A61A-9214C4295593}.Debug|x86.Build.0 = Debug|Any CPU
		{F468ADEE-6312-4CB6-A61A-9214C4295593}.Release|Any CPU.ActiveCfg = Release|Any CPU
		{F468ADEE-6312-4CB6-A61A-9214C4295593}.Release|Any CPU.Build.0 = Release|Any CPU
		{F468ADEE-6312-4CB6-A61A-9214C4295593}.Release|ARM.ActiveCfg = Release|Any CPU
		{F468ADEE-6312-4CB6-A61A-9214C4295593}.Release|ARM.Build.0 = Release|Any CPU
		{F468ADEE-6312-4CB6-A61A-9214C4295593}.Release|iPhone.ActiveCfg = Release|Any CPU
		{F468ADEE-6312-4CB6-A61A-9214C4295593}.Release|iPhone.Build.0 = Release|Any CPU
		{F468ADEE-6312-4CB6-A61A-9214C4295593}.Release|iPhoneSimulator.ActiveCfg = Release|Any CPU
		{F468ADEE-6312-4CB6-A61A-9214C4295593}.Release|iPhoneSimulator.Build.0 = Release|Any CPU
		{F468ADEE-6312-4CB6-A61A-9214C4295593}.Release|x64.ActiveCfg = Release|Any CPU
		{F468ADEE-6312-4CB6-A61A-9214C4295593}.Release|x64.Build.0 = Release|Any CPU
		{F468ADEE-6312-4CB6-A61A-9214C4295593}.Release|x86.ActiveCfg = Release|Any CPU
		{F468ADEE-6312-4CB6-A61A-9214C4295593}.Release|x86.Build.0 = Release|Any CPU
		{F02112F6-85B2-437C-BC2B-4250F399DB74}.Ad-Hoc|Any CPU.ActiveCfg = Release|Any CPU
		{F02112F6-85B2-437C-BC2B-4250F399DB74}.Ad-Hoc|Any CPU.Build.0 = Release|Any CPU
		{F02112F6-85B2-437C-BC2B-4250F399DB74}.Ad-Hoc|Any CPU.Deploy.0 = Release|Any CPU
		{F02112F6-85B2-437C-BC2B-4250F399DB74}.Ad-Hoc|ARM.ActiveCfg = Release|Any CPU
		{F02112F6-85B2-437C-BC2B-4250F399DB74}.Ad-Hoc|ARM.Build.0 = Release|Any CPU
		{F02112F6-85B2-437C-BC2B-4250F399DB74}.Ad-Hoc|ARM.Deploy.0 = Release|Any CPU
		{F02112F6-85B2-437C-BC2B-4250F399DB74}.Ad-Hoc|iPhone.ActiveCfg = Release|Any CPU
		{F02112F6-85B2-437C-BC2B-4250F399DB74}.Ad-Hoc|iPhone.Build.0 = Release|Any CPU
		{F02112F6-85B2-437C-BC2B-4250F399DB74}.Ad-Hoc|iPhone.Deploy.0 = Release|Any CPU
		{F02112F6-85B2-437C-BC2B-4250F399DB74}.Ad-Hoc|iPhoneSimulator.ActiveCfg = Release|Any CPU
		{F02112F6-85B2-437C-BC2B-4250F399DB74}.Ad-Hoc|iPhoneSimulator.Build.0 = Release|Any CPU
		{F02112F6-85B2-437C-BC2B-4250F399DB74}.Ad-Hoc|iPhoneSimulator.Deploy.0 = Release|Any CPU
		{F02112F6-85B2-437C-BC2B-4250F399DB74}.Ad-Hoc|x64.ActiveCfg = Release|Any CPU
		{F02112F6-85B2-437C-BC2B-4250F399DB74}.Ad-Hoc|x64.Build.0 = Release|Any CPU
		{F02112F6-85B2-437C-BC2B-4250F399DB74}.Ad-Hoc|x64.Deploy.0 = Release|Any CPU
		{F02112F6-85B2-437C-BC2B-4250F399DB74}.Ad-Hoc|x86.ActiveCfg = Release|Any CPU
		{F02112F6-85B2-437C-BC2B-4250F399DB74}.Ad-Hoc|x86.Build.0 = Release|Any CPU
		{F02112F6-85B2-437C-BC2B-4250F399DB74}.Ad-Hoc|x86.Deploy.0 = Release|Any CPU
		{F02112F6-85B2-437C-BC2B-4250F399DB74}.AppStore|Any CPU.ActiveCfg = Release|Any CPU
		{F02112F6-85B2-437C-BC2B-4250F399DB74}.AppStore|Any CPU.Build.0 = Release|Any CPU
		{F02112F6-85B2-437C-BC2B-4250F399DB74}.AppStore|Any CPU.Deploy.0 = Release|Any CPU
		{F02112F6-85B2-437C-BC2B-4250F399DB74}.AppStore|ARM.ActiveCfg = Release|Any CPU
		{F02112F6-85B2-437C-BC2B-4250F399DB74}.AppStore|ARM.Build.0 = Release|Any CPU
		{F02112F6-85B2-437C-BC2B-4250F399DB74}.AppStore|ARM.Deploy.0 = Release|Any CPU
		{F02112F6-85B2-437C-BC2B-4250F399DB74}.AppStore|iPhone.ActiveCfg = Release|Any CPU
		{F02112F6-85B2-437C-BC2B-4250F399DB74}.AppStore|iPhone.Build.0 = Release|Any CPU
		{F02112F6-85B2-437C-BC2B-4250F399DB74}.AppStore|iPhone.Deploy.0 = Release|Any CPU
		{F02112F6-85B2-437C-BC2B-4250F399DB74}.AppStore|iPhoneSimulator.ActiveCfg = Release|Any CPU
		{F02112F6-85B2-437C-BC2B-4250F399DB74}.AppStore|iPhoneSimulator.Build.0 = Release|Any CPU
		{F02112F6-85B2-437C-BC2B-4250F399DB74}.AppStore|iPhoneSimulator.Deploy.0 = Release|Any CPU
		{F02112F6-85B2-437C-BC2B-4250F399DB74}.AppStore|x64.ActiveCfg = Release|Any CPU
		{F02112F6-85B2-437C-BC2B-4250F399DB74}.AppStore|x64.Build.0 = Release|Any CPU
		{F02112F6-85B2-437C-BC2B-4250F399DB74}.AppStore|x64.Deploy.0 = Release|Any CPU
		{F02112F6-85B2-437C-BC2B-4250F399DB74}.AppStore|x86.ActiveCfg = Release|Any CPU
		{F02112F6-85B2-437C-BC2B-4250F399DB74}.AppStore|x86.Build.0 = Release|Any CPU
		{F02112F6-85B2-437C-BC2B-4250F399DB74}.AppStore|x86.Deploy.0 = Release|Any CPU
		{F02112F6-85B2-437C-BC2B-4250F399DB74}.Debug|Any CPU.ActiveCfg = Debug|Any CPU
		{F02112F6-85B2-437C-BC2B-4250F399DB74}.Debug|Any CPU.Build.0 = Debug|Any CPU
		{F02112F6-85B2-437C-BC2B-4250F399DB74}.Debug|Any CPU.Deploy.0 = Debug|Any CPU
		{F02112F6-85B2-437C-BC2B-4250F399DB74}.Debug|ARM.ActiveCfg = Debug|Any CPU
		{F02112F6-85B2-437C-BC2B-4250F399DB74}.Debug|ARM.Build.0 = Debug|Any CPU
		{F02112F6-85B2-437C-BC2B-4250F399DB74}.Debug|ARM.Deploy.0 = Debug|Any CPU
		{F02112F6-85B2-437C-BC2B-4250F399DB74}.Debug|iPhone.ActiveCfg = Debug|Any CPU
		{F02112F6-85B2-437C-BC2B-4250F399DB74}.Debug|iPhone.Build.0 = Debug|Any CPU
		{F02112F6-85B2-437C-BC2B-4250F399DB74}.Debug|iPhone.Deploy.0 = Debug|Any CPU
		{F02112F6-85B2-437C-BC2B-4250F399DB74}.Debug|iPhoneSimulator.ActiveCfg = Debug|Any CPU
		{F02112F6-85B2-437C-BC2B-4250F399DB74}.Debug|iPhoneSimulator.Build.0 = Debug|Any CPU
		{F02112F6-85B2-437C-BC2B-4250F399DB74}.Debug|iPhoneSimulator.Deploy.0 = Debug|Any CPU
		{F02112F6-85B2-437C-BC2B-4250F399DB74}.Debug|x64.ActiveCfg = Debug|Any CPU
		{F02112F6-85B2-437C-BC2B-4250F399DB74}.Debug|x64.Build.0 = Debug|Any CPU
		{F02112F6-85B2-437C-BC2B-4250F399DB74}.Debug|x64.Deploy.0 = Debug|Any CPU
		{F02112F6-85B2-437C-BC2B-4250F399DB74}.Debug|x86.ActiveCfg = Debug|Any CPU
		{F02112F6-85B2-437C-BC2B-4250F399DB74}.Debug|x86.Build.0 = Debug|Any CPU
		{F02112F6-85B2-437C-BC2B-4250F399DB74}.Debug|x86.Deploy.0 = Debug|Any CPU
		{F02112F6-85B2-437C-BC2B-4250F399DB74}.Release|Any CPU.ActiveCfg = Release|Any CPU
		{F02112F6-85B2-437C-BC2B-4250F399DB74}.Release|Any CPU.Build.0 = Release|Any CPU
		{F02112F6-85B2-437C-BC2B-4250F399DB74}.Release|Any CPU.Deploy.0 = Release|Any CPU
		{F02112F6-85B2-437C-BC2B-4250F399DB74}.Release|ARM.ActiveCfg = Release|Any CPU
		{F02112F6-85B2-437C-BC2B-4250F399DB74}.Release|ARM.Build.0 = Release|Any CPU
		{F02112F6-85B2-437C-BC2B-4250F399DB74}.Release|ARM.Deploy.0 = Release|Any CPU
		{F02112F6-85B2-437C-BC2B-4250F399DB74}.Release|iPhone.ActiveCfg = Release|Any CPU
		{F02112F6-85B2-437C-BC2B-4250F399DB74}.Release|iPhone.Build.0 = Release|Any CPU
		{F02112F6-85B2-437C-BC2B-4250F399DB74}.Release|iPhone.Deploy.0 = Release|Any CPU
		{F02112F6-85B2-437C-BC2B-4250F399DB74}.Release|iPhoneSimulator.ActiveCfg = Release|Any CPU
		{F02112F6-85B2-437C-BC2B-4250F399DB74}.Release|iPhoneSimulator.Build.0 = Release|Any CPU
		{F02112F6-85B2-437C-BC2B-4250F399DB74}.Release|iPhoneSimulator.Deploy.0 = Release|Any CPU
		{F02112F6-85B2-437C-BC2B-4250F399DB74}.Release|x64.ActiveCfg = Release|Any CPU
		{F02112F6-85B2-437C-BC2B-4250F399DB74}.Release|x64.Build.0 = Release|Any CPU
		{F02112F6-85B2-437C-BC2B-4250F399DB74}.Release|x64.Deploy.0 = Release|Any CPU
		{F02112F6-85B2-437C-BC2B-4250F399DB74}.Release|x86.ActiveCfg = Release|Any CPU
		{F02112F6-85B2-437C-BC2B-4250F399DB74}.Release|x86.Build.0 = Release|Any CPU
		{F02112F6-85B2-437C-BC2B-4250F399DB74}.Release|x86.Deploy.0 = Release|Any CPU
		{41308858-AC47-4284-AFF8-8712448F3B78}.Ad-Hoc|Any CPU.ActiveCfg = Ad-Hoc|iPhone
		{41308858-AC47-4284-AFF8-8712448F3B78}.Ad-Hoc|ARM.ActiveCfg = Ad-Hoc|iPhone
		{41308858-AC47-4284-AFF8-8712448F3B78}.Ad-Hoc|iPhone.ActiveCfg = Ad-Hoc|iPhone
		{41308858-AC47-4284-AFF8-8712448F3B78}.Ad-Hoc|iPhone.Build.0 = Ad-Hoc|iPhone
		{41308858-AC47-4284-AFF8-8712448F3B78}.Ad-Hoc|iPhoneSimulator.ActiveCfg = Ad-Hoc|iPhoneSimulator
		{41308858-AC47-4284-AFF8-8712448F3B78}.Ad-Hoc|iPhoneSimulator.Build.0 = Ad-Hoc|iPhoneSimulator
		{41308858-AC47-4284-AFF8-8712448F3B78}.Ad-Hoc|x64.ActiveCfg = Ad-Hoc|iPhone
		{41308858-AC47-4284-AFF8-8712448F3B78}.Ad-Hoc|x86.ActiveCfg = Ad-Hoc|iPhone
		{41308858-AC47-4284-AFF8-8712448F3B78}.AppStore|Any CPU.ActiveCfg = AppStore|iPhone
		{41308858-AC47-4284-AFF8-8712448F3B78}.AppStore|ARM.ActiveCfg = AppStore|iPhone
		{41308858-AC47-4284-AFF8-8712448F3B78}.AppStore|iPhone.ActiveCfg = AppStore|iPhone
		{41308858-AC47-4284-AFF8-8712448F3B78}.AppStore|iPhone.Build.0 = AppStore|iPhone
		{41308858-AC47-4284-AFF8-8712448F3B78}.AppStore|iPhoneSimulator.ActiveCfg = AppStore|iPhoneSimulator
		{41308858-AC47-4284-AFF8-8712448F3B78}.AppStore|iPhoneSimulator.Build.0 = AppStore|iPhoneSimulator
		{41308858-AC47-4284-AFF8-8712448F3B78}.AppStore|x64.ActiveCfg = AppStore|iPhone
		{41308858-AC47-4284-AFF8-8712448F3B78}.AppStore|x86.ActiveCfg = AppStore|iPhone
		{41308858-AC47-4284-AFF8-8712448F3B78}.Debug|Any CPU.ActiveCfg = Debug|iPhone
		{41308858-AC47-4284-AFF8-8712448F3B78}.Debug|ARM.ActiveCfg = Debug|iPhone
		{41308858-AC47-4284-AFF8-8712448F3B78}.Debug|iPhone.ActiveCfg = Debug|iPhone
		{41308858-AC47-4284-AFF8-8712448F3B78}.Debug|iPhone.Build.0 = Debug|iPhone
		{41308858-AC47-4284-AFF8-8712448F3B78}.Debug|iPhoneSimulator.ActiveCfg = Debug|iPhoneSimulator
		{41308858-AC47-4284-AFF8-8712448F3B78}.Debug|iPhoneSimulator.Build.0 = Debug|iPhoneSimulator
		{41308858-AC47-4284-AFF8-8712448F3B78}.Debug|x64.ActiveCfg = Debug|iPhone
		{41308858-AC47-4284-AFF8-8712448F3B78}.Debug|x86.ActiveCfg = Debug|iPhone
		{41308858-AC47-4284-AFF8-8712448F3B78}.Release|Any CPU.ActiveCfg = Release|iPhone
		{41308858-AC47-4284-AFF8-8712448F3B78}.Release|ARM.ActiveCfg = Release|iPhone
		{41308858-AC47-4284-AFF8-8712448F3B78}.Release|iPhone.ActiveCfg = Release|iPhone
		{41308858-AC47-4284-AFF8-8712448F3B78}.Release|iPhone.Build.0 = Release|iPhone
		{41308858-AC47-4284-AFF8-8712448F3B78}.Release|iPhoneSimulator.ActiveCfg = Release|iPhoneSimulator
		{41308858-AC47-4284-AFF8-8712448F3B78}.Release|iPhoneSimulator.Build.0 = Release|iPhoneSimulator
		{41308858-AC47-4284-AFF8-8712448F3B78}.Release|x64.ActiveCfg = Release|iPhone
		{41308858-AC47-4284-AFF8-8712448F3B78}.Release|x86.ActiveCfg = Release|iPhone
		{F51405A7-6509-4F7E-BD94-0D83E3B07277}.Ad-Hoc|Any CPU.ActiveCfg = Release|Any CPU
		{F51405A7-6509-4F7E-BD94-0D83E3B07277}.Ad-Hoc|Any CPU.Build.0 = Release|Any CPU
		{F51405A7-6509-4F7E-BD94-0D83E3B07277}.Ad-Hoc|Any CPU.Deploy.0 = Release|Any CPU
		{F51405A7-6509-4F7E-BD94-0D83E3B07277}.Ad-Hoc|ARM.ActiveCfg = Release|ARM
		{F51405A7-6509-4F7E-BD94-0D83E3B07277}.Ad-Hoc|ARM.Build.0 = Release|ARM
		{F51405A7-6509-4F7E-BD94-0D83E3B07277}.Ad-Hoc|ARM.Deploy.0 = Release|ARM
		{F51405A7-6509-4F7E-BD94-0D83E3B07277}.Ad-Hoc|iPhone.ActiveCfg = Release|Any CPU
		{F51405A7-6509-4F7E-BD94-0D83E3B07277}.Ad-Hoc|iPhone.Build.0 = Release|Any CPU
		{F51405A7-6509-4F7E-BD94-0D83E3B07277}.Ad-Hoc|iPhone.Deploy.0 = Release|Any CPU
		{F51405A7-6509-4F7E-BD94-0D83E3B07277}.Ad-Hoc|iPhoneSimulator.ActiveCfg = Release|Any CPU
		{F51405A7-6509-4F7E-BD94-0D83E3B07277}.Ad-Hoc|iPhoneSimulator.Build.0 = Release|Any CPU
		{F51405A7-6509-4F7E-BD94-0D83E3B07277}.Ad-Hoc|iPhoneSimulator.Deploy.0 = Release|Any CPU
		{F51405A7-6509-4F7E-BD94-0D83E3B07277}.Ad-Hoc|x64.ActiveCfg = Release|Any CPU
		{F51405A7-6509-4F7E-BD94-0D83E3B07277}.Ad-Hoc|x64.Build.0 = Release|Any CPU
		{F51405A7-6509-4F7E-BD94-0D83E3B07277}.Ad-Hoc|x64.Deploy.0 = Release|Any CPU
		{F51405A7-6509-4F7E-BD94-0D83E3B07277}.Ad-Hoc|x86.ActiveCfg = Release|x86
		{F51405A7-6509-4F7E-BD94-0D83E3B07277}.Ad-Hoc|x86.Build.0 = Release|x86
		{F51405A7-6509-4F7E-BD94-0D83E3B07277}.Ad-Hoc|x86.Deploy.0 = Release|x86
		{F51405A7-6509-4F7E-BD94-0D83E3B07277}.AppStore|Any CPU.ActiveCfg = Release|Any CPU
		{F51405A7-6509-4F7E-BD94-0D83E3B07277}.AppStore|Any CPU.Build.0 = Release|Any CPU
		{F51405A7-6509-4F7E-BD94-0D83E3B07277}.AppStore|Any CPU.Deploy.0 = Release|Any CPU
		{F51405A7-6509-4F7E-BD94-0D83E3B07277}.AppStore|ARM.ActiveCfg = Release|ARM
		{F51405A7-6509-4F7E-BD94-0D83E3B07277}.AppStore|ARM.Build.0 = Release|ARM
		{F51405A7-6509-4F7E-BD94-0D83E3B07277}.AppStore|ARM.Deploy.0 = Release|ARM
		{F51405A7-6509-4F7E-BD94-0D83E3B07277}.AppStore|iPhone.ActiveCfg = Release|Any CPU
		{F51405A7-6509-4F7E-BD94-0D83E3B07277}.AppStore|iPhone.Build.0 = Release|Any CPU
		{F51405A7-6509-4F7E-BD94-0D83E3B07277}.AppStore|iPhone.Deploy.0 = Release|Any CPU
		{F51405A7-6509-4F7E-BD94-0D83E3B07277}.AppStore|iPhoneSimulator.ActiveCfg = Release|Any CPU
		{F51405A7-6509-4F7E-BD94-0D83E3B07277}.AppStore|iPhoneSimulator.Build.0 = Release|Any CPU
		{F51405A7-6509-4F7E-BD94-0D83E3B07277}.AppStore|iPhoneSimulator.Deploy.0 = Release|Any CPU
		{F51405A7-6509-4F7E-BD94-0D83E3B07277}.AppStore|x64.ActiveCfg = Release|Any CPU
		{F51405A7-6509-4F7E-BD94-0D83E3B07277}.AppStore|x64.Build.0 = Release|Any CPU
		{F51405A7-6509-4F7E-BD94-0D83E3B07277}.AppStore|x64.Deploy.0 = Release|Any CPU
		{F51405A7-6509-4F7E-BD94-0D83E3B07277}.AppStore|x86.ActiveCfg = Release|x86
		{F51405A7-6509-4F7E-BD94-0D83E3B07277}.AppStore|x86.Build.0 = Release|x86
		{F51405A7-6509-4F7E-BD94-0D83E3B07277}.AppStore|x86.Deploy.0 = Release|x86
		{F51405A7-6509-4F7E-BD94-0D83E3B07277}.Debug|Any CPU.ActiveCfg = Debug|Any CPU
		{F51405A7-6509-4F7E-BD94-0D83E3B07277}.Debug|Any CPU.Build.0 = Debug|Any CPU
		{F51405A7-6509-4F7E-BD94-0D83E3B07277}.Debug|Any CPU.Deploy.0 = Debug|Any CPU
		{F51405A7-6509-4F7E-BD94-0D83E3B07277}.Debug|ARM.ActiveCfg = Debug|ARM
		{F51405A7-6509-4F7E-BD94-0D83E3B07277}.Debug|ARM.Build.0 = Debug|ARM
		{F51405A7-6509-4F7E-BD94-0D83E3B07277}.Debug|ARM.Deploy.0 = Debug|ARM
		{F51405A7-6509-4F7E-BD94-0D83E3B07277}.Debug|iPhone.ActiveCfg = Debug|Any CPU
		{F51405A7-6509-4F7E-BD94-0D83E3B07277}.Debug|iPhone.Build.0 = Debug|Any CPU
		{F51405A7-6509-4F7E-BD94-0D83E3B07277}.Debug|iPhone.Deploy.0 = Debug|Any CPU
		{F51405A7-6509-4F7E-BD94-0D83E3B07277}.Debug|iPhoneSimulator.ActiveCfg = Debug|Any CPU
		{F51405A7-6509-4F7E-BD94-0D83E3B07277}.Debug|iPhoneSimulator.Build.0 = Debug|Any CPU
		{F51405A7-6509-4F7E-BD94-0D83E3B07277}.Debug|iPhoneSimulator.Deploy.0 = Debug|Any CPU
		{F51405A7-6509-4F7E-BD94-0D83E3B07277}.Debug|x64.ActiveCfg = Debug|Any CPU
		{F51405A7-6509-4F7E-BD94-0D83E3B07277}.Debug|x64.Build.0 = Debug|Any CPU
		{F51405A7-6509-4F7E-BD94-0D83E3B07277}.Debug|x64.Deploy.0 = Debug|Any CPU
		{F51405A7-6509-4F7E-BD94-0D83E3B07277}.Debug|x86.ActiveCfg = Debug|x86
		{F51405A7-6509-4F7E-BD94-0D83E3B07277}.Debug|x86.Build.0 = Debug|x86
		{F51405A7-6509-4F7E-BD94-0D83E3B07277}.Debug|x86.Deploy.0 = Debug|x86
		{F51405A7-6509-4F7E-BD94-0D83E3B07277}.Release|Any CPU.ActiveCfg = Release|Any CPU
		{F51405A7-6509-4F7E-BD94-0D83E3B07277}.Release|Any CPU.Build.0 = Release|Any CPU
		{F51405A7-6509-4F7E-BD94-0D83E3B07277}.Release|Any CPU.Deploy.0 = Release|Any CPU
		{F51405A7-6509-4F7E-BD94-0D83E3B07277}.Release|ARM.ActiveCfg = Release|ARM
		{F51405A7-6509-4F7E-BD94-0D83E3B07277}.Release|ARM.Build.0 = Release|ARM
		{F51405A7-6509-4F7E-BD94-0D83E3B07277}.Release|ARM.Deploy.0 = Release|ARM
		{F51405A7-6509-4F7E-BD94-0D83E3B07277}.Release|iPhone.ActiveCfg = Release|Any CPU
		{F51405A7-6509-4F7E-BD94-0D83E3B07277}.Release|iPhone.Build.0 = Release|Any CPU
		{F51405A7-6509-4F7E-BD94-0D83E3B07277}.Release|iPhone.Deploy.0 = Release|Any CPU
		{F51405A7-6509-4F7E-BD94-0D83E3B07277}.Release|iPhoneSimulator.ActiveCfg = Release|Any CPU
		{F51405A7-6509-4F7E-BD94-0D83E3B07277}.Release|iPhoneSimulator.Build.0 = Release|Any CPU
		{F51405A7-6509-4F7E-BD94-0D83E3B07277}.Release|iPhoneSimulator.Deploy.0 = Release|Any CPU
		{F51405A7-6509-4F7E-BD94-0D83E3B07277}.Release|x64.ActiveCfg = Release|Any CPU
		{F51405A7-6509-4F7E-BD94-0D83E3B07277}.Release|x64.Build.0 = Release|Any CPU
		{F51405A7-6509-4F7E-BD94-0D83E3B07277}.Release|x64.Deploy.0 = Release|Any CPU
		{F51405A7-6509-4F7E-BD94-0D83E3B07277}.Release|x86.ActiveCfg = Release|x86
		{F51405A7-6509-4F7E-BD94-0D83E3B07277}.Release|x86.Build.0 = Release|x86
		{F51405A7-6509-4F7E-BD94-0D83E3B07277}.Release|x86.Deploy.0 = Release|x86
		{040C6B88-E964-4CC5-BAA6-6B4D30B6287F}.Ad-Hoc|Any CPU.ActiveCfg = Release|x86
		{040C6B88-E964-4CC5-BAA6-6B4D30B6287F}.Ad-Hoc|Any CPU.Build.0 = Release|x86
		{040C6B88-E964-4CC5-BAA6-6B4D30B6287F}.Ad-Hoc|Any CPU.Deploy.0 = Release|x86
		{040C6B88-E964-4CC5-BAA6-6B4D30B6287F}.Ad-Hoc|ARM.ActiveCfg = Release|ARM
		{040C6B88-E964-4CC5-BAA6-6B4D30B6287F}.Ad-Hoc|ARM.Build.0 = Release|ARM
		{040C6B88-E964-4CC5-BAA6-6B4D30B6287F}.Ad-Hoc|ARM.Deploy.0 = Release|ARM
		{040C6B88-E964-4CC5-BAA6-6B4D30B6287F}.Ad-Hoc|iPhone.ActiveCfg = Release|x86
		{040C6B88-E964-4CC5-BAA6-6B4D30B6287F}.Ad-Hoc|iPhone.Build.0 = Release|x86
		{040C6B88-E964-4CC5-BAA6-6B4D30B6287F}.Ad-Hoc|iPhone.Deploy.0 = Release|x86
		{040C6B88-E964-4CC5-BAA6-6B4D30B6287F}.Ad-Hoc|iPhoneSimulator.ActiveCfg = Release|x86
		{040C6B88-E964-4CC5-BAA6-6B4D30B6287F}.Ad-Hoc|iPhoneSimulator.Build.0 = Release|x86
		{040C6B88-E964-4CC5-BAA6-6B4D30B6287F}.Ad-Hoc|iPhoneSimulator.Deploy.0 = Release|x86
		{040C6B88-E964-4CC5-BAA6-6B4D30B6287F}.Ad-Hoc|x64.ActiveCfg = Release|x64
		{040C6B88-E964-4CC5-BAA6-6B4D30B6287F}.Ad-Hoc|x64.Build.0 = Release|x64
		{040C6B88-E964-4CC5-BAA6-6B4D30B6287F}.Ad-Hoc|x64.Deploy.0 = Release|x64
		{040C6B88-E964-4CC5-BAA6-6B4D30B6287F}.Ad-Hoc|x86.ActiveCfg = Release|x86
		{040C6B88-E964-4CC5-BAA6-6B4D30B6287F}.Ad-Hoc|x86.Build.0 = Release|x86
		{040C6B88-E964-4CC5-BAA6-6B4D30B6287F}.Ad-Hoc|x86.Deploy.0 = Release|x86
		{040C6B88-E964-4CC5-BAA6-6B4D30B6287F}.AppStore|Any CPU.ActiveCfg = Release|x86
		{040C6B88-E964-4CC5-BAA6-6B4D30B6287F}.AppStore|Any CPU.Build.0 = Release|x86
		{040C6B88-E964-4CC5-BAA6-6B4D30B6287F}.AppStore|Any CPU.Deploy.0 = Release|x86
		{040C6B88-E964-4CC5-BAA6-6B4D30B6287F}.AppStore|ARM.ActiveCfg = Release|ARM
		{040C6B88-E964-4CC5-BAA6-6B4D30B6287F}.AppStore|ARM.Build.0 = Release|ARM
		{040C6B88-E964-4CC5-BAA6-6B4D30B6287F}.AppStore|ARM.Deploy.0 = Release|ARM
		{040C6B88-E964-4CC5-BAA6-6B4D30B6287F}.AppStore|iPhone.ActiveCfg = Release|x86
		{040C6B88-E964-4CC5-BAA6-6B4D30B6287F}.AppStore|iPhone.Build.0 = Release|x86
		{040C6B88-E964-4CC5-BAA6-6B4D30B6287F}.AppStore|iPhone.Deploy.0 = Release|x86
		{040C6B88-E964-4CC5-BAA6-6B4D30B6287F}.AppStore|iPhoneSimulator.ActiveCfg = Release|x86
		{040C6B88-E964-4CC5-BAA6-6B4D30B6287F}.AppStore|iPhoneSimulator.Build.0 = Release|x86
		{040C6B88-E964-4CC5-BAA6-6B4D30B6287F}.AppStore|iPhoneSimulator.Deploy.0 = Release|x86
		{040C6B88-E964-4CC5-BAA6-6B4D30B6287F}.AppStore|x64.ActiveCfg = Release|x64
		{040C6B88-E964-4CC5-BAA6-6B4D30B6287F}.AppStore|x64.Build.0 = Release|x64
		{040C6B88-E964-4CC5-BAA6-6B4D30B6287F}.AppStore|x64.Deploy.0 = Release|x64
		{040C6B88-E964-4CC5-BAA6-6B4D30B6287F}.AppStore|x86.ActiveCfg = Release|x86
		{040C6B88-E964-4CC5-BAA6-6B4D30B6287F}.AppStore|x86.Build.0 = Release|x86
		{040C6B88-E964-4CC5-BAA6-6B4D30B6287F}.AppStore|x86.Deploy.0 = Release|x86
		{040C6B88-E964-4CC5-BAA6-6B4D30B6287F}.Debug|Any CPU.ActiveCfg = Debug|x86
		{040C6B88-E964-4CC5-BAA6-6B4D30B6287F}.Debug|ARM.ActiveCfg = Debug|ARM
		{040C6B88-E964-4CC5-BAA6-6B4D30B6287F}.Debug|ARM.Build.0 = Debug|ARM
		{040C6B88-E964-4CC5-BAA6-6B4D30B6287F}.Debug|ARM.Deploy.0 = Debug|ARM
		{040C6B88-E964-4CC5-BAA6-6B4D30B6287F}.Debug|iPhone.ActiveCfg = Debug|x86
		{040C6B88-E964-4CC5-BAA6-6B4D30B6287F}.Debug|iPhoneSimulator.ActiveCfg = Debug|x86
		{040C6B88-E964-4CC5-BAA6-6B4D30B6287F}.Debug|x64.ActiveCfg = Debug|x64
		{040C6B88-E964-4CC5-BAA6-6B4D30B6287F}.Debug|x64.Build.0 = Debug|x64
		{040C6B88-E964-4CC5-BAA6-6B4D30B6287F}.Debug|x64.Deploy.0 = Debug|x64
		{040C6B88-E964-4CC5-BAA6-6B4D30B6287F}.Debug|x86.ActiveCfg = Debug|x86
		{040C6B88-E964-4CC5-BAA6-6B4D30B6287F}.Debug|x86.Build.0 = Debug|x86
		{040C6B88-E964-4CC5-BAA6-6B4D30B6287F}.Debug|x86.Deploy.0 = Debug|x86
		{040C6B88-E964-4CC5-BAA6-6B4D30B6287F}.Release|Any CPU.ActiveCfg = Release|x86
		{040C6B88-E964-4CC5-BAA6-6B4D30B6287F}.Release|ARM.ActiveCfg = Release|ARM
		{040C6B88-E964-4CC5-BAA6-6B4D30B6287F}.Release|ARM.Build.0 = Release|ARM
		{040C6B88-E964-4CC5-BAA6-6B4D30B6287F}.Release|ARM.Deploy.0 = Release|ARM
		{040C6B88-E964-4CC5-BAA6-6B4D30B6287F}.Release|iPhone.ActiveCfg = Release|x86
		{040C6B88-E964-4CC5-BAA6-6B4D30B6287F}.Release|iPhoneSimulator.ActiveCfg = Release|x86
		{040C6B88-E964-4CC5-BAA6-6B4D30B6287F}.Release|x64.ActiveCfg = Release|x64
		{040C6B88-E964-4CC5-BAA6-6B4D30B6287F}.Release|x64.Build.0 = Release|x64
		{040C6B88-E964-4CC5-BAA6-6B4D30B6287F}.Release|x64.Deploy.0 = Release|x64
		{040C6B88-E964-4CC5-BAA6-6B4D30B6287F}.Release|x86.ActiveCfg = Release|x86
		{040C6B88-E964-4CC5-BAA6-6B4D30B6287F}.Release|x86.Build.0 = Release|x86
		{040C6B88-E964-4CC5-BAA6-6B4D30B6287F}.Release|x86.Deploy.0 = Release|x86
		{BE790416-A553-41CF-91F4-0FC304FF8041}.Ad-Hoc|Any CPU.ActiveCfg = Release|Any CPU
		{BE790416-A553-41CF-91F4-0FC304FF8041}.Ad-Hoc|Any CPU.Build.0 = Release|Any CPU
		{BE790416-A553-41CF-91F4-0FC304FF8041}.Ad-Hoc|Any CPU.Deploy.0 = Release|Any CPU
		{BE790416-A553-41CF-91F4-0FC304FF8041}.Ad-Hoc|ARM.ActiveCfg = Release|ARM
		{BE790416-A553-41CF-91F4-0FC304FF8041}.Ad-Hoc|ARM.Build.0 = Release|ARM
		{BE790416-A553-41CF-91F4-0FC304FF8041}.Ad-Hoc|ARM.Deploy.0 = Release|ARM
		{BE790416-A553-41CF-91F4-0FC304FF8041}.Ad-Hoc|iPhone.ActiveCfg = Release|Any CPU
		{BE790416-A553-41CF-91F4-0FC304FF8041}.Ad-Hoc|iPhone.Build.0 = Release|Any CPU
		{BE790416-A553-41CF-91F4-0FC304FF8041}.Ad-Hoc|iPhone.Deploy.0 = Release|Any CPU
		{BE790416-A553-41CF-91F4-0FC304FF8041}.Ad-Hoc|iPhoneSimulator.ActiveCfg = Release|Any CPU
		{BE790416-A553-41CF-91F4-0FC304FF8041}.Ad-Hoc|iPhoneSimulator.Build.0 = Release|Any CPU
		{BE790416-A553-41CF-91F4-0FC304FF8041}.Ad-Hoc|iPhoneSimulator.Deploy.0 = Release|Any CPU
		{BE790416-A553-41CF-91F4-0FC304FF8041}.Ad-Hoc|x64.ActiveCfg = Release|x64
		{BE790416-A553-41CF-91F4-0FC304FF8041}.Ad-Hoc|x64.Build.0 = Release|x64
		{BE790416-A553-41CF-91F4-0FC304FF8041}.Ad-Hoc|x64.Deploy.0 = Release|x64
		{BE790416-A553-41CF-91F4-0FC304FF8041}.Ad-Hoc|x86.ActiveCfg = Release|x86
		{BE790416-A553-41CF-91F4-0FC304FF8041}.Ad-Hoc|x86.Build.0 = Release|x86
		{BE790416-A553-41CF-91F4-0FC304FF8041}.Ad-Hoc|x86.Deploy.0 = Release|x86
		{BE790416-A553-41CF-91F4-0FC304FF8041}.AppStore|Any CPU.ActiveCfg = Release|Any CPU
		{BE790416-A553-41CF-91F4-0FC304FF8041}.AppStore|Any CPU.Build.0 = Release|Any CPU
		{BE790416-A553-41CF-91F4-0FC304FF8041}.AppStore|Any CPU.Deploy.0 = Release|Any CPU
		{BE790416-A553-41CF-91F4-0FC304FF8041}.AppStore|ARM.ActiveCfg = Release|ARM
		{BE790416-A553-41CF-91F4-0FC304FF8041}.AppStore|ARM.Build.0 = Release|ARM
		{BE790416-A553-41CF-91F4-0FC304FF8041}.AppStore|ARM.Deploy.0 = Release|ARM
		{BE790416-A553-41CF-91F4-0FC304FF8041}.AppStore|iPhone.ActiveCfg = Release|Any CPU
		{BE790416-A553-41CF-91F4-0FC304FF8041}.AppStore|iPhone.Build.0 = Release|Any CPU
		{BE790416-A553-41CF-91F4-0FC304FF8041}.AppStore|iPhone.Deploy.0 = Release|Any CPU
		{BE790416-A553-41CF-91F4-0FC304FF8041}.AppStore|iPhoneSimulator.ActiveCfg = Release|Any CPU
		{BE790416-A553-41CF-91F4-0FC304FF8041}.AppStore|iPhoneSimulator.Build.0 = Release|Any CPU
		{BE790416-A553-41CF-91F4-0FC304FF8041}.AppStore|iPhoneSimulator.Deploy.0 = Release|Any CPU
		{BE790416-A553-41CF-91F4-0FC304FF8041}.AppStore|x64.ActiveCfg = Release|x64
		{BE790416-A553-41CF-91F4-0FC304FF8041}.AppStore|x64.Build.0 = Release|x64
		{BE790416-A553-41CF-91F4-0FC304FF8041}.AppStore|x64.Deploy.0 = Release|x64
		{BE790416-A553-41CF-91F4-0FC304FF8041}.AppStore|x86.ActiveCfg = Release|x86
		{BE790416-A553-41CF-91F4-0FC304FF8041}.AppStore|x86.Build.0 = Release|x86
		{BE790416-A553-41CF-91F4-0FC304FF8041}.AppStore|x86.Deploy.0 = Release|x86
		{BE790416-A553-41CF-91F4-0FC304FF8041}.Debug|Any CPU.ActiveCfg = Debug|Any CPU
		{BE790416-A553-41CF-91F4-0FC304FF8041}.Debug|Any CPU.Build.0 = Debug|Any CPU
		{BE790416-A553-41CF-91F4-0FC304FF8041}.Debug|Any CPU.Deploy.0 = Debug|Any CPU
		{BE790416-A553-41CF-91F4-0FC304FF8041}.Debug|ARM.ActiveCfg = Debug|ARM
		{BE790416-A553-41CF-91F4-0FC304FF8041}.Debug|ARM.Build.0 = Debug|ARM
		{BE790416-A553-41CF-91F4-0FC304FF8041}.Debug|ARM.Deploy.0 = Debug|ARM
		{BE790416-A553-41CF-91F4-0FC304FF8041}.Debug|iPhone.ActiveCfg = Debug|Any CPU
		{BE790416-A553-41CF-91F4-0FC304FF8041}.Debug|iPhone.Build.0 = Debug|Any CPU
		{BE790416-A553-41CF-91F4-0FC304FF8041}.Debug|iPhone.Deploy.0 = Debug|Any CPU
		{BE790416-A553-41CF-91F4-0FC304FF8041}.Debug|iPhoneSimulator.ActiveCfg = Debug|Any CPU
		{BE790416-A553-41CF-91F4-0FC304FF8041}.Debug|iPhoneSimulator.Build.0 = Debug|Any CPU
		{BE790416-A553-41CF-91F4-0FC304FF8041}.Debug|iPhoneSimulator.Deploy.0 = Debug|Any CPU
		{BE790416-A553-41CF-91F4-0FC304FF8041}.Debug|x64.ActiveCfg = Debug|x64
		{BE790416-A553-41CF-91F4-0FC304FF8041}.Debug|x64.Build.0 = Debug|x64
		{BE790416-A553-41CF-91F4-0FC304FF8041}.Debug|x64.Deploy.0 = Debug|x64
		{BE790416-A553-41CF-91F4-0FC304FF8041}.Debug|x86.ActiveCfg = Debug|x86
		{BE790416-A553-41CF-91F4-0FC304FF8041}.Debug|x86.Build.0 = Debug|x86
		{BE790416-A553-41CF-91F4-0FC304FF8041}.Debug|x86.Deploy.0 = Debug|x86
		{BE790416-A553-41CF-91F4-0FC304FF8041}.Release|Any CPU.ActiveCfg = Release|Any CPU
		{BE790416-A553-41CF-91F4-0FC304FF8041}.Release|Any CPU.Build.0 = Release|Any CPU
		{BE790416-A553-41CF-91F4-0FC304FF8041}.Release|Any CPU.Deploy.0 = Release|Any CPU
		{BE790416-A553-41CF-91F4-0FC304FF8041}.Release|ARM.ActiveCfg = Release|ARM
		{BE790416-A553-41CF-91F4-0FC304FF8041}.Release|ARM.Build.0 = Release|ARM
		{BE790416-A553-41CF-91F4-0FC304FF8041}.Release|ARM.Deploy.0 = Release|ARM
		{BE790416-A553-41CF-91F4-0FC304FF8041}.Release|iPhone.ActiveCfg = Release|Any CPU
		{BE790416-A553-41CF-91F4-0FC304FF8041}.Release|iPhone.Build.0 = Release|Any CPU
		{BE790416-A553-41CF-91F4-0FC304FF8041}.Release|iPhone.Deploy.0 = Release|Any CPU
		{BE790416-A553-41CF-91F4-0FC304FF8041}.Release|iPhoneSimulator.ActiveCfg = Release|Any CPU
		{BE790416-A553-41CF-91F4-0FC304FF8041}.Release|iPhoneSimulator.Build.0 = Release|Any CPU
		{BE790416-A553-41CF-91F4-0FC304FF8041}.Release|iPhoneSimulator.Deploy.0 = Release|Any CPU
		{BE790416-A553-41CF-91F4-0FC304FF8041}.Release|x64.ActiveCfg = Release|x64
		{BE790416-A553-41CF-91F4-0FC304FF8041}.Release|x64.Build.0 = Release|x64
		{BE790416-A553-41CF-91F4-0FC304FF8041}.Release|x64.Deploy.0 = Release|x64
		{BE790416-A553-41CF-91F4-0FC304FF8041}.Release|x86.ActiveCfg = Release|x86
		{BE790416-A553-41CF-91F4-0FC304FF8041}.Release|x86.Build.0 = Release|x86
		{BE790416-A553-41CF-91F4-0FC304FF8041}.Release|x86.Deploy.0 = Release|x86
	EndGlobalSection
	GlobalSection(SolutionProperties) = preSolution
		HideSolutionNode = FALSE
	EndGlobalSection
EndGlobal
